{
  "name": "juego-alejo",
  "version": "1.0.0",
  "lockfileVersion": 3,
  "requires": true,
  "packages": {
    "": {
      "name": "juego-alejo",
      "version": "1.0.0",
      "license": "ISC",
      "dependencies": {
        "@picovoice/orca-web": "^3.0.1"
      }
    },
    "node_modules/@picovoice/orca-web": {
      "version": "3.0.1",
      "resolved": "https://registry.npmjs.org/@picovoice/orca-web/-/orca-web-3.0.1.tgz",
      "integrity": "sha512-7Y95I9RjYzD82AZ43XBB2jIdLEFS++Ynv0Ey7uFhmR1X1PhNI1ghykTA0wmrKf6VXmm3IcWEfbVkzwBjmqr5yA==",
      "dependencies": {
        "@picovoice/web-utils": "=1.4.3"
      },
      "engines": {
        "node": ">=18"
      }
    },
    "node_modules/@picovoice/web-utils": {
      "version": "1.4.3",
      "resolved": "https://registry.npmjs.org/@picovoice/web-utils/-/web-utils-1.4.3.tgz",
      "integrity": "sha512-7JN3YYsSD9Gtce6YKG3XqpX49dkeu7jTdbox7rHQA/X/Q3zxopXA9zlCKSq6EIjFbiX2iuzDKUx1XrFa3d8c0w==",
      "dependencies": {
        "commander": "^10.0.1"
      },
      "bin": {
        "pvbase64": "scripts/base64.js"
      },
      "engines": {
        "node": ">=14"
      }
    },
    "node_modules/commander": {
      "version": "10.0.1",
      "resolved": "https://registry.npmjs.org/commander/-/commander-10.0.1.tgz",
      "integrity": "sha512-y4Mg2tXshplEbSGzx7amzPwKKOCGuoSRP/CjEdwwk0FOGlUbq6lKuoyDZTNZkmxHdJtp54hdfY/JUrdL7Xfdug==",
      "engines": {
        "node": ">=14"
      }
    }
  }
}
